PODS:
  - FLAnimatedImage (1.0.12)
  - PINCache (3.0.1-beta)
  - PINRemoteImage (3.0.0-beta.3):
    - PINRemoteImage/FLAnimatedImage (= 3.0.0-beta.3)
  - PINRemoteImage/Core (3.0.0-beta.3):
    - PINCache (>= 3.0.0-beta)
  - PINRemoteImage/FLAnimatedImage (3.0.0-beta.3):
    - FLAnimatedImage (>= 1.0)
    - PINRemoteImage/Core
  - SDWebImage (3.8.1):
    - SDWebImage/Core (= 3.8.1)
  - SDWebImage/Core (3.8.1)

DEPENDENCIES:
  - PINRemoteImage (~> 3.0.0-beta.3)
  - SDWebImage (~> 3.8.1)

SPEC CHECKSUMS:
  FLAnimatedImage: 4a0b56255d9b05f18b6dd7ee06871be5d3b89e31
  PINCache: 6911fe422a633e18b3d3ddf2bd4f0e55e36e2892
  PINRemoteImage: 308731aa6534500e58fc211b9cc2bb7252df25ba
  SDWebImage: 35f9627a3e44b4f292a8a8ce6a531fa488239b91

COCOAPODS: 0.39.0
