// !$*UTF8*$!
{
	archiveVersion = 1;
	classes = {
	};
	objectVersion = 46;
	objects = {

/* Begin PBXBuildFile section */
		4E7093101D618812007D6CA9 /* AppDelegate.swift in Sources */ = {isa = PBXBuildFile; fileRef = 4E70930F1D618812007D6CA9 /* AppDelegate.swift */; };
		4E7093121D618812007D6CA9 /* ViewController.swift in Sources */ = {isa = PBXBuildFile; fileRef = 4E7093111D618812007D6CA9 /* ViewController.swift */; };
		4E7093151D618812007D6CA9 /* Main.storyboard in Resources */ = {isa = PBXBuildFile; fileRef = 4E7093131D618812007D6CA9 /* Main.storyboard */; };
		4E7093171D618812007D6CA9 /* Assets.xcassets in Resources */ = {isa = PBXBuildFile; fileRef = 4E7093161D618812007D6CA9 /* Assets.xcassets */; };
		4E70931A1D618812007D6CA9 /* LaunchScreen.storyboard in Resources */ = {isa = PBXBuildFile; fileRef = 4E7093181D618812007D6CA9 /* LaunchScreen.storyboard */; };
		4E7093251D618812007D6CA9 /* AsyncImageBenchUITests.swift in Sources */ = {isa = PBXBuildFile; fileRef = 4E7093241D618812007D6CA9 /* AsyncImageBenchUITests.swift */; };
		4EBE8BC51D61922900525C1B /* DataSource.swift in Sources */ = {isa = PBXBuildFile; fileRef = 4EBE8BC41D61922900525C1B /* DataSource.swift */; };
		93FFA0D117857FE900BBBC6E /* Pods_AsyncImageBench.framework in Frameworks */ = {isa = PBXBuildFile; fileRef = 657691C7C0B2ADF4C05DB2A9 /* Pods_AsyncImageBench.framework */; };
/* End PBXBuildFile section */

/* Begin PBXContainerItemProxy section */
		4E7093211D618812007D6CA9 /* PBXContainerItemProxy */ = {
			isa = PBXContainerItemProxy;
			containerPortal = 4E7093041D618812007D6CA9 /* Project object */;
			proxyType = 1;
			remoteGlobalIDString = 4E70930B1D618812007D6CA9;
			remoteInfo = AsyncImageBench;
		};
/* End PBXContainerItemProxy section */

/* Begin PBXFileReference section */
		4E70930C1D618812007D6CA9 /* AsyncImageBench.app */ = {isa = PBXFileReference; explicitFileType = wrapper.application; includeInIndex = 0; path = AsyncImageBench.app; sourceTree = BUILT_PRODUCTS_DIR; };
		4E70930F1D618812007D6CA9 /* AppDelegate.swift */ = {isa = PBXFileReference; lastKnownFileType = sourcecode.swift; path = AppDelegate.swift; sourceTree = "<group>"; };
		4E7093111D618812007D6CA9 /* ViewController.swift */ = {isa = PBXFileReference; lastKnownFileType = sourcecode.swift; path = ViewController.swift; sourceTree = "<group>"; };
		4E7093141D618812007D6CA9 /* Base */ = {isa = PBXFileReference; lastKnownFileType = file.storyboard; name = Base; path = Base.lproj/Main.storyboard; sourceTree = "<group>"; };
		4E7093161D618812007D6CA9 /* Assets.xcassets */ = {isa = PBXFileReference; lastKnownFileType = folder.assetcatalog; path = Assets.xcassets; sourceTree = "<group>"; };
		4E7093191D618812007D6CA9 /* Base */ = {isa = PBXFileReference; lastKnownFileType = file.storyboard; name = Base; path = Base.lproj/LaunchScreen.storyboard; sourceTree = "<group>"; };
		4E70931B1D618812007D6CA9 /* Info.plist */ = {isa = PBXFileReference; lastKnownFileType = text.plist.xml; path = Info.plist; sourceTree = "<group>"; };
		4E7093201D618812007D6CA9 /* AsyncImageBenchUITests.xctest */ = {isa = PBXFileReference; explicitFileType = wrapper.cfbundle; includeInIndex = 0; path = AsyncImageBenchUITests.xctest; sourceTree = BUILT_PRODUCTS_DIR; };
		4E7093241D618812007D6CA9 /* AsyncImageBenchUITests.swift */ = {isa = PBXFileReference; lastKnownFileType = sourcecode.swift; path = AsyncImageBenchUITests.swift; sourceTree = "<group>"; };
		4E7093261D618812007D6CA9 /* Info.plist */ = {isa = PBXFileReference; lastKnownFileType = text.plist.xml; path = Info.plist; sourceTree = "<group>"; };
		4EBE8BC41D61922900525C1B /* DataSource.swift */ = {isa = PBXFileReference; fileEncoding = 4; lastKnownFileType = sourcecode.swift; path = DataSource.swift; sourceTree = "<group>"; };
		657691C7C0B2ADF4C05DB2A9 /* Pods_AsyncImageBench.framework */ = {isa = PBXFileReference; explicitFileType = wrapper.framework; includeInIndex = 0; path = Pods_AsyncImageBench.framework; sourceTree = BUILT_PRODUCTS_DIR; };
		6923B88C71FC1A532B537DCF /* Pods-AsyncImageBench.debug.xcconfig */ = {isa = PBXFileReference; includeInIndex = 1; lastKnownFileType = text.xcconfig; name = "Pods-AsyncImageBench.debug.xcconfig"; path = "Pods/Target Support Files/Pods-AsyncImageBench/Pods-AsyncImageBench.debug.xcconfig"; sourceTree = "<group>"; };
		A96936BA7D367C51A8CA37EB /* Pods-AsyncImageBench.release.xcconfig */ = {isa = PBXFileReference; includeInIndex = 1; lastKnownFileType = text.xcconfig; name = "Pods-AsyncImageBench.release.xcconfig"; path = "Pods/Target Support Files/Pods-AsyncImageBench/Pods-AsyncImageBench.release.xcconfig"; sourceTree = "<group>"; };
/* End PBXFileReference section */

/* Begin PBXFrameworksBuildPhase section */
		4E7093091D618812007D6CA9 /* Frameworks */ = {
			isa = PBXFrameworksBuildPhase;
			buildActionMask = 2147483647;
			files = (
				93FFA0D117857FE900BBBC6E /* Pods_AsyncImageBench.framework in Frameworks */,
			);
			runOnlyForDeploymentPostprocessing = 0;
		};
		4E70931D1D618812007D6CA9 /* Frameworks */ = {
			isa = PBXFrameworksBuildPhase;
			buildActionMask = 2147483647;
			files = (
			);
			runOnlyForDeploymentPostprocessing = 0;
		};
/* End PBXFrameworksBuildPhase section */

/* Begin PBXGroup section */
		4E7093031D618812007D6CA9 = {
			isa = PBXGroup;
			children = (
				4E70930E1D618812007D6CA9 /* AsyncImageBench */,
				4E7093231D618812007D6CA9 /* AsyncImageBenchUITests */,
				4E70930D1D618812007D6CA9 /* Products */,
				4F8348EFB2559B777F79ABA0 /* Pods */,
				56C1EC74361F6A0DD447E3FF /* Frameworks */,
			);
			sourceTree = "<group>";
		};
		4E70930D1D618812007D6CA9 /* Products */ = {
			isa = PBXGroup;
			children = (
				4E70930C1D618812007D6CA9 /* AsyncImageBench.app */,
				4E7093201D618812007D6CA9 /* AsyncImageBenchUITests.xctest */,
			);
			name = Products;
			sourceTree = "<group>";
		};
		4E70930E1D618812007D6CA9 /* AsyncImageBench */ = {
			isa = PBXGroup;
			children = (
				4E70930F1D618812007D6CA9 /* AppDelegate.swift */,
				4EBE8BC41D61922900525C1B /* DataSource.swift */,
				4E7093111D618812007D6CA9 /* ViewController.swift */,
				4E7093131D618812007D6CA9 /* Main.storyboard */,
				4E7093161D618812007D6CA9 /* Assets.xcassets */,
				4E7093181D618812007D6CA9 /* LaunchScreen.storyboard */,
				4E70931B1D618812007D6CA9 /* Info.plist */,
			);
			path = AsyncImageBench;
			sourceTree = "<group>";
		};
		4E7093231D618812007D6CA9 /* AsyncImageBenchUITests */ = {
			isa = PBXGroup;
			children = (
				4E7093241D618812007D6CA9 /* AsyncImageBenchUITests.swift */,
				4E7093261D618812007D6CA9 /* Info.plist */,
			);
			path = AsyncImageBenchUITests;
			sourceTree = "<group>";
		};
		4F8348EFB2559B777F79ABA0 /* Pods */ = {
			isa = PBXGroup;
			children = (
				6923B88C71FC1A532B537DCF /* Pods-AsyncImageBench.debug.xcconfig */,
				A96936BA7D367C51A8CA37EB /* Pods-AsyncImageBench.release.xcconfig */,
			);
			name = Pods;
			sourceTree = "<group>";
		};
		56C1EC74361F6A0DD447E3FF /* Frameworks */ = {
			isa = PBXGroup;
			children = (
				657691C7C0B2ADF4C05DB2A9 /* Pods_AsyncImageBench.framework */,
			);
			name = Frameworks;
			sourceTree = "<group>";
		};
/* End PBXGroup section */

/* Begin PBXNativeTarget section */
		4E70930B1D618812007D6CA9 /* AsyncImageBench */ = {
			isa = PBXNativeTarget;
			buildConfigurationList = 4E7093291D618812007D6CA9 /* Build configuration list for PBXNativeTarget "AsyncImageBench" */;
			buildPhases = (
				22CCB93C0C20258EC3B2DDEB /* Check Pods Manifest.lock */,
				4E7093081D618812007D6CA9 /* Sources */,
				4E7093091D618812007D6CA9 /* Frameworks */,
				4E70930A1D618812007D6CA9 /* Resources */,
				48C85D3AE6E047C11655501B /* Embed Pods Frameworks */,
				5D89A1D2303B7370790357ED /* Copy Pods Resources */,
			);
			buildRules = (
			);
			dependencies = (
			);
			name = AsyncImageBench;
			productName = AsyncImageBench;
			productReference = 4E70930C1D618812007D6CA9 /* AsyncImageBench.app */;
			productType = "com.apple.product-type.application";
		};
		4E70931F1D618812007D6CA9 /* AsyncImageBenchUITests */ = {
			isa = PBXNativeTarget;
			buildConfigurationList = 4E70932C1D618812007D6CA9 /* Build configuration list for PBXNativeTarget "AsyncImageBenchUITests" */;
			buildPhases = (
				4E70931C1D618812007D6CA9 /* Sources */,
				4E70931D1D618812007D6CA9 /* Frameworks */,
				4E70931E1D618812007D6CA9 /* Resources */,
			);
			buildRules = (
			);
			dependencies = (
				4E7093221D618812007D6CA9 /* PBXTargetDependency */,
			);
			name = AsyncImageBenchUITests;
			productName = AsyncImageBenchUITests;
			productReference = 4E7093201D618812007D6CA9 /* AsyncImageBenchUITests.xctest */;
			productType = "com.apple.product-type.bundle.ui-testing";
		};
/* End PBXNativeTarget section */

/* Begin PBXProject section */
		4E7093041D618812007D6CA9 /* Project object */ = {
			isa = PBXProject;
			attributes = {
				LastSwiftUpdateCheck = 0730;
				LastUpgradeCheck = 0730;
				ORGANIZATIONNAME = com.covelline;
				TargetAttributes = {
					4E70930B1D618812007D6CA9 = {
						CreatedOnToolsVersion = 7.3.1;
					};
					4E70931F1D618812007D6CA9 = {
						CreatedOnToolsVersion = 7.3.1;
						TestTargetID = 4E70930B1D618812007D6CA9;
					};
				};
			};
			buildConfigurationList = 4E7093071D618812007D6CA9 /* Build configuration list for PBXProject "AsyncImageBench" */;
			compatibilityVersion = "Xcode 3.2";
			developmentRegion = English;
			hasScannedForEncodings = 0;
			knownRegions = (
				en,
				Base,
			);
			mainGroup = 4E7093031D618812007D6CA9;
			productRefGroup = 4E70930D1D618812007D6CA9 /* Products */;
			projectDirPath = "";
			projectRoot = "";
			targets = (
				4E70930B1D618812007D6CA9 /* AsyncImageBench */,
				4E70931F1D618812007D6CA9 /* AsyncImageBenchUITests */,
			);
		};
/* End PBXProject section */

/* Begin PBXResourcesBuildPhase section */
		4E70930A1D618812007D6CA9 /* Resources */ = {
			isa = PBXResourcesBuildPhase;
			buildActionMask = 2147483647;
			files = (
				4E70931A1D618812007D6CA9 /* LaunchScreen.storyboard in Resources */,
				4E7093171D618812007D6CA9 /* Assets.xcassets in Resources */,
				4E7093151D618812007D6CA9 /* Main.storyboard in Resources */,
			);
			runOnlyForDeploymentPostprocessing = 0;
		};
		4E70931E1D618812007D6CA9 /* Resources */ = {
			isa = PBXResourcesBuildPhase;
			buildActionMask = 2147483647;
			files = (
			);
			runOnlyForDeploymentPostprocessing = 0;
		};
/* End PBXResourcesBuildPhase section */

/* Begin PBXShellScriptBuildPhase section */
		22CCB93C0C20258EC3B2DDEB /* Check Pods Manifest.lock */ = {
			isa = PBXShellScriptBuildPhase;
			buildActionMask = 2147483647;
			files = (
			);
			inputPaths = (
			);
			name = "Check Pods Manifest.lock";
			outputPaths = (
			);
			runOnlyForDeploymentPostprocessing = 0;
			shellPath = /bin/sh;
			shellScript = "diff \"${PODS_ROOT}/../Podfile.lock\" \"${PODS_ROOT}/Manifest.lock\" > /dev/null\nif [[ $? != 0 ]] ; then\n    cat << EOM\nerror: The sandbox is not in sync with the Podfile.lock. Run 'pod install' or update your CocoaPods installation.\nEOM\n    exit 1\nfi\n";
			showEnvVarsInLog = 0;
		};
		48C85D3AE6E047C11655501B /* Embed Pods Frameworks */ = {
			isa = PBXShellScriptBuildPhase;
			buildActionMask = 2147483647;
			files = (
			);
			inputPaths = (
			);
			name = "Embed Pods Frameworks";
			outputPaths = (
			);
			runOnlyForDeploymentPostprocessing = 0;
			shellPath = /bin/sh;
			shellScript = "\"${SRCROOT}/Pods/Target Support Files/Pods-AsyncImageBench/Pods-AsyncImageBench-frameworks.sh\"\n";
			showEnvVarsInLog = 0;
		};
		5D89A1D2303B7370790357ED /* Copy Pods Resources */ = {
			isa = PBXShellScriptBuildPhase;
			buildActionMask = 2147483647;
			files = (
			);
			inputPaths = (
			);
			name = "Copy Pods Resources";
			outputPaths = (
			);
			runOnlyForDeploymentPostprocessing = 0;
			shellPath = /bin/sh;
			shellScript = "\"${SRCROOT}/Pods/Target Support Files/Pods-AsyncImageBench/Pods-AsyncImageBench-resources.sh\"\n";
			showEnvVarsInLog = 0;
		};
/* End PBXShellScriptBuildPhase section */

/* Begin PBXSourcesBuildPhase section */
		4E7093081D618812007D6CA9 /* Sources */ = {
			isa = PBXSourcesBuildPhase;
			buildActionMask = 2147483647;
			files = (
				4E7093121D618812007D6CA9 /* ViewController.swift in Sources */,
				4E7093101D618812007D6CA9 /* AppDelegate.swift in Sources */,
				4EBE8BC51D61922900525C1B /* DataSource.swift in Sources */,
			);
			runOnlyForDeploymentPostprocessing = 0;
		};
		4E70931C1D618812007D6CA9 /* Sources */ = {
			isa = PBXSourcesBuildPhase;
			buildActionMask = 2147483647;
			files = (
				4E7093251D618812007D6CA9 /* AsyncImageBenchUITests.swift in Sources */,
			);
			runOnlyForDeploymentPostprocessing = 0;
		};
/* End PBXSourcesBuildPhase section */

/* Begin PBXTargetDependency section */
		4E7093221D618812007D6CA9 /* PBXTargetDependency */ = {
			isa = PBXTargetDependency;
			target = 4E70930B1D618812007D6CA9 /* AsyncImageBench */;
			targetProxy = 4E7093211D618812007D6CA9 /* PBXContainerItemProxy */;
		};
/* End PBXTargetDependency section */

/* Begin PBXVariantGroup section */
		4E7093131D618812007D6CA9 /* Main.storyboard */ = {
			isa = PBXVariantGroup;
			children = (
				4E7093141D618812007D6CA9 /* Base */,
			);
			name = Main.storyboard;
			sourceTree = "<group>";
		};
		4E7093181D618812007D6CA9 /* LaunchScreen.storyboard */ = {
			isa = PBXVariantGroup;
			children = (
				4E7093191D618812007D6CA9 /* Base */,
			);
			name = LaunchScreen.storyboard;
			sourceTree = "<group>";
		};
/* End PBXVariantGroup section */

/* Begin XCBuildConfiguration section */
		4E7093271D618812007D6CA9 /* Debug */ = {
			isa = XCBuildConfiguration;
			buildSettings = {
				ALWAYS_SEARCH_USER_PATHS = NO;
				CLANG_ANALYZER_NONNULL = YES;
				CLANG_CXX_LANGUAGE_STANDARD = "gnu++0x";
				CLANG_CXX_LIBRARY = "libc++";
				CLANG_ENABLE_MODULES = YES;
				CLANG_ENABLE_OBJC_ARC = YES;
				CLANG_WARN_BOOL_CONVERSION = YES;
				CLANG_WARN_CONSTANT_CONVERSION = YES;
				CLANG_WARN_DIRECT_OBJC_ISA_USAGE = YES_ERROR;
				CLANG_WARN_EMPTY_BODY = YES;
				CLANG_WARN_ENUM_CONVERSION = YES;
				CLANG_WARN_INT_CONVERSION = YES;
				CLANG_WARN_OBJC_ROOT_CLASS = YES_ERROR;
				CLANG_WARN_UNREACHABLE_CODE = YES;
				CLANG_WARN__DUPLICATE_METHOD_MATCH = YES;
				"CODE_SIGN_IDENTITY[sdk=iphoneos*]" = "iPhone Developer";
				COPY_PHASE_STRIP = NO;
				DEBUG_INFORMATION_FORMAT = dwarf;
				ENABLE_STRICT_OBJC_MSGSEND = YES;
				ENABLE_TESTABILITY = YES;
				GCC_C_LANGUAGE_STANDARD = gnu99;
				GCC_DYNAMIC_NO_PIC = NO;
				GCC_NO_COMMON_BLOCKS = YES;
				GCC_OPTIMIZATION_LEVEL = 0;
				GCC_PREPROCESSOR_DEFINITIONS = (
					"DEBUG=1",
					"$(inherited)",
				);
				GCC_WARN_64_TO_32_BIT_CONVERSION = YES;
				GCC_WARN_ABOUT_RETURN_TYPE = YES_ERROR;
				GCC_WARN_UNDECLARED_SELECTOR = YES;
				GCC_WARN_UNINITIALIZED_AUTOS = YES_AGGRESSIVE;
				GCC_WARN_UNUSED_FUNCTION = YES;
				GCC_WARN_UNUSED_VARIABLE = YES;
				IPHONEOS_DEPLOYMENT_TARGET = 9.3;
				MTL_ENABLE_DEBUG_INFO = YES;
				ONLY_ACTIVE_ARCH = YES;
				SDKROOT = iphoneos;
				SWIFT_OPTIMIZATION_LEVEL = "-Onone";
			};
			name = Debug;
		};
		4E7093281D618812007D6CA9 /* Release */ = {
			isa = XCBuildConfiguration;
			buildSettings = {
				ALWAYS_SEARCH_USER_PATHS = NO;
				CLANG_ANALYZER_NONNULL = YES;
				CLANG_CXX_LANGUAGE_STANDARD = "gnu++0x";
				CLANG_CXX_LIBRARY = "libc++";
				CLANG_ENABLE_MODULES = YES;
				CLANG_ENABLE_OBJC_ARC = YES;
				CLANG_WARN_BOOL_CONVERSION = YES;
				CLANG_WARN_CONSTANT_CONVERSION = YES;
				CLANG_WARN_DIRECT_OBJC_ISA_USAGE = YES_ERROR;
				CLANG_WARN_EMPTY_BODY = YES;
				CLANG_WARN_ENUM_CONVERSION = YES;
				CLANG_WARN_INT_CONVERSION = YES;
				CLANG_WARN_OBJC_ROOT_CLASS = YES_ERROR;
				CLANG_WARN_UNREACHABLE_CODE = YES;
				CLANG_WARN__DUPLICATE_METHOD_MATCH = YES;
				"CODE_SIGN_IDENTITY[sdk=iphoneos*]" = "iPhone Developer";
				COPY_PHASE_STRIP = NO;
				DEBUG_INFORMATION_FORMAT = "dwarf-with-dsym";
				ENABLE_NS_ASSERTIONS = NO;
				ENABLE_STRICT_OBJC_MSGSEND = YES;
				GCC_C_LANGUAGE_STANDARD = gnu99;
				GCC_NO_COMMON_BLOCKS = YES;
				GCC_WARN_64_TO_32_BIT_CONVERSION = YES;
				GCC_WARN_ABOUT_RETURN_TYPE = YES_ERROR;
				GCC_WARN_UNDECLARED_SELECTOR = YES;
				GCC_WARN_UNINITIALIZED_AUTOS = YES_AGGRESSIVE;
				GCC_WARN_UNUSED_FUNCTION = YES;
				GCC_WARN_UNUSED_VARIABLE = YES;
				IPHONEOS_DEPLOYMENT_TARGET = 9.3;
				MTL_ENABLE_DEBUG_INFO = NO;
				SDKROOT = iphoneos;
				VALIDATE_PRODUCT = YES;
			};
			name = Release;
		};
		4E70932A1D618812007D6CA9 /* Debug */ = {
			isa = XCBuildConfiguration;
			baseConfigurationReference = 6923B88C71FC1A532B537DCF /* Pods-AsyncImageBench.debug.xcconfig */;
			buildSettings = {
				ASSETCATALOG_COMPILER_APPICON_NAME = AppIcon;
				INFOPLIST_FILE = AsyncImageBench/Info.plist;
				LD_RUNPATH_SEARCH_PATHS = "$(inherited) @executable_path/Frameworks";
				PRODUCT_BUNDLE_IDENTIFIER = com.covelline.AsyncImageBench;
				PRODUCT_NAME = "$(TARGET_NAME)";
			};
			name = Debug;
		};
		4E70932B1D618812007D6CA9 /* Release */ = {
			isa = XCBuildConfiguration;
			baseConfigurationReference = A96936BA7D367C51A8CA37EB /* Pods-AsyncImageBench.release.xcconfig */;
			buildSettings = {
				ASSETCATALOG_COMPILER_APPICON_NAME = AppIcon;
				INFOPLIST_FILE = AsyncImageBench/Info.plist;
				LD_RUNPATH_SEARCH_PATHS = "$(inherited) @executable_path/Frameworks";
				PRODUCT_BUNDLE_IDENTIFIER = com.covelline.AsyncImageBench;
				PRODUCT_NAME = "$(TARGET_NAME)";
			};
			name = Release;
		};
		4E70932D1D618812007D6CA9 /* Debug */ = {
			isa = XCBuildConfiguration;
			buildSettings = {
				INFOPLIST_FILE = AsyncImageBenchUITests/Info.plist;
				LD_RUNPATH_SEARCH_PATHS = "$(inherited) @executable_path/Frameworks @loader_path/Frameworks";
				PRODUCT_BUNDLE_IDENTIFIER = com.covelline.AsyncImageBenchUITests;
				PRODUCT_NAME = "$(TARGET_NAME)";
				TEST_TARGET_NAME = AsyncImageBench;
			};
			name = Debug;
		};
		4E70932E1D618812007D6CA9 /* Release */ = {
			isa = XCBuildConfiguration;
			buildSettings = {
				INFOPLIST_FILE = AsyncImageBenchUITests/Info.plist;
				LD_RUNPATH_SEARCH_PATHS = "$(inherited) @executable_path/Frameworks @loader_path/Frameworks";
				PRODUCT_BUNDLE_IDENTIFIER = com.covelline.AsyncImageBenchUITests;
				PRODUCT_NAME = "$(TARGET_NAME)";
				TEST_TARGET_NAME = AsyncImageBench;
			};
			name = Release;
		};
/* End XCBuildConfiguration section */

/* Begin XCConfigurationList section */
		4E7093071D618812007D6CA9 /* Build configuration list for PBXProject "AsyncImageBench" */ = {
			isa = XCConfigurationList;
			buildConfigurations = (
				4E7093271D618812007D6CA9 /* Debug */,
				4E7093281D618812007D6CA9 /* Release */,
			);
			defaultConfigurationIsVisible = 0;
			defaultConfigurationName = Release;
		};
		4E7093291D618812007D6CA9 /* Build configuration list for PBXNativeTarget "AsyncImageBench" */ = {
			isa = XCConfigurationList;
			buildConfigurations = (
				4E70932A1D618812007D6CA9 /* Debug */,
				4E70932B1D618812007D6CA9 /* Release */,
			);
			defaultConfigurationIsVisible = 0;
			defaultConfigurationName = Release;
		};
		4E70932C1D618812007D6CA9 /* Build configuration list for PBXNativeTarget "AsyncImageBenchUITests" */ = {
			isa = XCConfigurationList;
			buildConfigurations = (
				4E70932D1D618812007D6CA9 /* Debug */,
				4E70932E1D618812007D6CA9 /* Release */,
			);
			defaultConfigurationIsVisible = 0;
			defaultConfigurationName = Release;
		};
/* End XCConfigurationList section */
	};
	rootObject = 4E7093041D618812007D6CA9 /* Project object */;
}
